// !$*UTF8*$!
{
	archiveVersion = 1;
	classes = {
	};
	objectVersion = 50;
	objects = {

/* Begin PBXBuildFile section */
		6628870C2284A70E003DD132 /* DummyCubeDrawing.cpp in Sources */ = {isa = PBXBuildFile; fileRef = 6628870A2284A70D003DD132 /* DummyCubeDrawing.cpp */; };
		6656A70522841AB5001F7397 /* libglfw.3.3.dylib in Frameworks */ = {isa = PBXBuildFile; fileRef = 6656A70422841AB5001F7397 /* libglfw.3.3.dylib */; };
		6656A70722841C52001F7397 /* libGLEW.2.1.0.dylib in Frameworks */ = {isa = PBXBuildFile; fileRef = 6656A70622841C51001F7397 /* libGLEW.2.1.0.dylib */; };
		6656A70922841CE3001F7397 /* glm.hpp in Frameworks */ = {isa = PBXBuildFile; fileRef = 6656A70822841CE2001F7397 /* glm.hpp */; };
		D82D408A226EE90200F5B73D /* Game.cpp in Sources */ = {isa = PBXBuildFile; fileRef = D82D4088226EE90200F5B73D /* Game.cpp */; };
		D82D408D226EE9B000F5B73D /* WindowManager.cpp in Sources */ = {isa = PBXBuildFile; fileRef = D82D408B226EE9B000F5B73D /* WindowManager.cpp */; };
		D858CAB82279C06F00ABFE72 /* Exception.cpp in Sources */ = {isa = PBXBuildFile; fileRef = D858CAB72279C06F00ABFE72 /* Exception.cpp */; };
		D858CABB227C1FB200ABFE72 /* RenderManager.cpp in Sources */ = {isa = PBXBuildFile; fileRef = D858CAB9227C1FB200ABFE72 /* RenderManager.cpp */; };
		D858CABE227C22D100ABFE72 /* libglfw.3.3.dylib in Frameworks */ = {isa = PBXBuildFile; fileRef = D8F6D72B226DAF0D00E39805 /* libglfw.3.3.dylib */; };
		D858CAC1227C261100ABFE72 /* ObjectManager.cpp in Sources */ = {isa = PBXBuildFile; fileRef = D858CABF227C261100ABFE72 /* ObjectManager.cpp */; };
		D858CAC4227C264E00ABFE72 /* GameObject.cpp in Sources */ = {isa = PBXBuildFile; fileRef = D858CAC2227C264E00ABFE72 /* GameObject.cpp */; };
		D8D44E2F227C8DF500B33932 /* KeyboardManager.cpp in Sources */ = {isa = PBXBuildFile; fileRef = D8D44E2D227C8DF400B33932 /* KeyboardManager.cpp */; };
		D8EBCD45227C287500D08539 /* AbstractManager.cpp in Sources */ = {isa = PBXBuildFile; fileRef = D8EBCD43227C287500D08539 /* AbstractManager.cpp */; };
		D8EBCD4D227C2F7000D08539 /* SphereDrawing.cpp in Sources */ = {isa = PBXBuildFile; fileRef = D8EBCD4B227C2F7000D08539 /* SphereDrawing.cpp */; };
		D8EBCD52227C320500D08539 /* DummyTriangleDrawing.cpp in Sources */ = {isa = PBXBuildFile; fileRef = D8EBCD50227C320500D08539 /* DummyTriangleDrawing.cpp */; };
		D8EBCD56227C75ED00D08539 /* PrimitiveObjects.cpp in Sources */ = {isa = PBXBuildFile; fileRef = D8EBCD54227C75ED00D08539 /* PrimitiveObjects.cpp */; };
		D8F6D71E226DA85900E39805 /* main.cpp in Sources */ = {isa = PBXBuildFile; fileRef = D8F6D71D226DA85900E39805 /* main.cpp */; };
		D8F6D726226DA87600E39805 /* OpenGL.framework in Frameworks */ = {isa = PBXBuildFile; fileRef = D8F6D725226DA87600E39805 /* OpenGL.framework */; };
		D8F6D728226DA88B00E39805 /* libGLEW.2.1.0.dylib in Frameworks */ = {isa = PBXBuildFile; fileRef = D8F6D727226DA88B00E39805 /* libGLEW.2.1.0.dylib */; };
		EDFD6B21227C8BF900613D2F /* glfw in Frameworks */ = {isa = PBXBuildFile; fileRef = D858CABC227C22A100ABFE72 /* glfw */; };
/* End PBXBuildFile section */

/* Begin PBXCopyFilesBuildPhase section */
		D8F6D718226DA85900E39805 /* CopyFiles */ = {
			isa = PBXCopyFilesBuildPhase;
			buildActionMask = 2147483647;
			dstPath = /usr/share/man/man1/;
			dstSubfolderSpec = 0;
			files = (
			);
			runOnlyForDeploymentPostprocessing = 1;
		};
/* End PBXCopyFilesBuildPhase section */

/* Begin PBXFileReference section */
		6628870A2284A70D003DD132 /* DummyCubeDrawing.cpp */ = {isa = PBXFileReference; lastKnownFileType = sourcecode.cpp.cpp; path = DummyCubeDrawing.cpp; sourceTree = "<group>"; };
		6628870B2284A70E003DD132 /* DummyCubeDrawing.hpp */ = {isa = PBXFileReference; lastKnownFileType = sourcecode.cpp.h; path = DummyCubeDrawing.hpp; sourceTree = "<group>"; };
		6656A70422841AB5001F7397 /* libglfw.3.3.dylib */ = {isa = PBXFileReference; lastKnownFileType = "compiled.mach-o.dylib"; name = libglfw.3.3.dylib; path = ../../../../../../usr/local/Cellar/glfw/3.3/lib/libglfw.3.3.dylib; sourceTree = "<group>"; };
		6656A70622841C51001F7397 /* libGLEW.2.1.0.dylib */ = {isa = PBXFileReference; lastKnownFileType = "compiled.mach-o.dylib"; name = libGLEW.2.1.0.dylib; path = ../../../../../../usr/local/Cellar/glew/2.1.0/lib/libGLEW.2.1.0.dylib; sourceTree = "<group>"; };
		6656A70822841CE2001F7397 /* glm.hpp */ = {isa = PBXFileReference; lastKnownFileType = sourcecode.cpp.h; name = glm.hpp; path = ../../../../../../usr/local/Cellar/glm/0.9.9.3/include/glm/glm.hpp; sourceTree = "<group>"; };
		D82D4088226EE90200F5B73D /* Game.cpp */ = {isa = PBXFileReference; lastKnownFileType = sourcecode.cpp.cpp; path = Game.cpp; sourceTree = "<group>"; };
		D82D4089226EE90200F5B73D /* Game.hpp */ = {isa = PBXFileReference; lastKnownFileType = sourcecode.cpp.h; path = Game.hpp; sourceTree = "<group>"; };
		D82D408B226EE9B000F5B73D /* WindowManager.cpp */ = {isa = PBXFileReference; lastKnownFileType = sourcecode.cpp.cpp; path = WindowManager.cpp; sourceTree = "<group>"; };
		D82D408C226EE9B000F5B73D /* WindowManager.hpp */ = {isa = PBXFileReference; lastKnownFileType = sourcecode.cpp.h; path = WindowManager.hpp; sourceTree = "<group>"; };
		D858CAB62279BF8800ABFE72 /* Exception.hpp */ = {isa = PBXFileReference; lastKnownFileType = sourcecode.cpp.h; path = Exception.hpp; sourceTree = "<group>"; };
		D858CAB72279C06F00ABFE72 /* Exception.cpp */ = {isa = PBXFileReference; lastKnownFileType = sourcecode.cpp.cpp; path = Exception.cpp; sourceTree = "<group>"; };
		D858CAB9227C1FB200ABFE72 /* RenderManager.cpp */ = {isa = PBXFileReference; lastKnownFileType = sourcecode.cpp.cpp; path = RenderManager.cpp; sourceTree = "<group>"; };
		D858CABA227C1FB200ABFE72 /* RenderManager.hpp */ = {isa = PBXFileReference; lastKnownFileType = sourcecode.cpp.h; path = RenderManager.hpp; sourceTree = "<group>"; };
		D858CABC227C22A100ABFE72 /* glfw */ = {isa = PBXFileReference; lastKnownFileType = text; name = glfw; path = ../../../../../usr/local/Cellar/glfw; sourceTree = "<group>"; };
		D858CABF227C261100ABFE72 /* ObjectManager.cpp */ = {isa = PBXFileReference; lastKnownFileType = sourcecode.cpp.cpp; path = ObjectManager.cpp; sourceTree = "<group>"; };
		D858CAC0227C261100ABFE72 /* ObjectManager.hpp */ = {isa = PBXFileReference; lastKnownFileType = sourcecode.cpp.h; path = ObjectManager.hpp; sourceTree = "<group>"; };
		D858CAC2227C264E00ABFE72 /* GameObject.cpp */ = {isa = PBXFileReference; lastKnownFileType = sourcecode.cpp.cpp; path = GameObject.cpp; sourceTree = "<group>"; };
		D858CAC3227C264E00ABFE72 /* GameObject.hpp */ = {isa = PBXFileReference; lastKnownFileType = sourcecode.cpp.h; path = GameObject.hpp; sourceTree = "<group>"; };
		D858CAC7227C279200ABFE72 /* IComponent.hpp */ = {isa = PBXFileReference; fileEncoding = 4; lastKnownFileType = sourcecode.cpp.h; path = IComponent.hpp; sourceTree = "<group>"; };
		D858CAC8227C279200ABFE72 /* EComponentType.hpp */ = {isa = PBXFileReference; fileEncoding = 4; lastKnownFileType = sourcecode.cpp.h; path = EComponentType.hpp; sourceTree = "<group>"; };
		D8D44E2D227C8DF400B33932 /* KeyboardManager.cpp */ = {isa = PBXFileReference; lastKnownFileType = sourcecode.cpp.cpp; path = KeyboardManager.cpp; sourceTree = "<group>"; };
		D8D44E2E227C8DF500B33932 /* KeyboardManager.hpp */ = {isa = PBXFileReference; lastKnownFileType = sourcecode.cpp.h; path = KeyboardManager.hpp; sourceTree = "<group>"; };
		D8EBCD43227C287500D08539 /* AbstractManager.cpp */ = {isa = PBXFileReference; lastKnownFileType = sourcecode.cpp.cpp; path = AbstractManager.cpp; sourceTree = "<group>"; };
		D8EBCD44227C287500D08539 /* AbstractManager.hpp */ = {isa = PBXFileReference; lastKnownFileType = sourcecode.cpp.h; path = AbstractManager.hpp; sourceTree = "<group>"; };
		D8EBCD4A227C2F1000D08539 /* IDrawing.hpp */ = {isa = PBXFileReference; lastKnownFileType = sourcecode.cpp.h; path = IDrawing.hpp; sourceTree = "<group>"; };
		D8EBCD4B227C2F7000D08539 /* SphereDrawing.cpp */ = {isa = PBXFileReference; lastKnownFileType = sourcecode.cpp.cpp; path = SphereDrawing.cpp; sourceTree = "<group>"; };
		D8EBCD4C227C2F7000D08539 /* SphereDrawing.hpp */ = {isa = PBXFileReference; lastKnownFileType = sourcecode.cpp.h; path = SphereDrawing.hpp; sourceTree = "<group>"; };
		D8EBCD50227C320500D08539 /* DummyTriangleDrawing.cpp */ = {isa = PBXFileReference; lastKnownFileType = sourcecode.cpp.cpp; path = DummyTriangleDrawing.cpp; sourceTree = "<group>"; };
		D8EBCD51227C320500D08539 /* DummyTriangleDrawing.hpp */ = {isa = PBXFileReference; lastKnownFileType = sourcecode.cpp.h; path = DummyTriangleDrawing.hpp; sourceTree = "<group>"; };
		D8EBCD54227C75ED00D08539 /* PrimitiveObjects.cpp */ = {isa = PBXFileReference; lastKnownFileType = sourcecode.cpp.cpp; path = PrimitiveObjects.cpp; sourceTree = "<group>"; };
		D8EBCD55227C75ED00D08539 /* PrimitiveObjects.hpp */ = {isa = PBXFileReference; lastKnownFileType = sourcecode.cpp.h; path = PrimitiveObjects.hpp; sourceTree = "<group>"; };
		D8F6D71A226DA85900E39805 /* 2019_cg_physics */ = {isa = PBXFileReference; explicitFileType = "compiled.mach-o.executable"; includeInIndex = 0; path = 2019_cg_physics; sourceTree = BUILT_PRODUCTS_DIR; };
		D8F6D71D226DA85900E39805 /* main.cpp */ = {isa = PBXFileReference; lastKnownFileType = sourcecode.cpp.cpp; path = main.cpp; sourceTree = "<group>"; };
		D8F6D725226DA87600E39805 /* OpenGL.framework */ = {isa = PBXFileReference; lastKnownFileType = wrapper.framework; name = OpenGL.framework; path = System/Library/Frameworks/OpenGL.framework; sourceTree = SDKROOT; };
		D8F6D727226DA88B00E39805 /* libGLEW.2.1.0.dylib */ = {isa = PBXFileReference; lastKnownFileType = "compiled.mach-o.dylib"; name = libGLEW.2.1.0.dylib; path = ../../../../../usr/local/Cellar/glew/2.1.0/lib/libGLEW.2.1.0.dylib; sourceTree = "<group>"; };
		D8F6D729226DA90600E39805 /* libglfw.3.2.dylib */ = {isa = PBXFileReference; lastKnownFileType = "compiled.mach-o.dylib"; name = libglfw.3.2.dylib; path = ../../../../../usr/local/Cellar/glfw/3.2.1/lib/libglfw.3.2.dylib; sourceTree = "<group>"; };
		D8F6D72B226DAF0D00E39805 /* libglfw.3.3.dylib */ = {isa = PBXFileReference; lastKnownFileType = "compiled.mach-o.dylib"; name = libglfw.3.3.dylib; path = ../../../../../usr/local/Cellar/glfw/3.3/lib/libglfw.3.3.dylib; sourceTree = "<group>"; };
/* End PBXFileReference section */

/* Begin PBXFrameworksBuildPhase section */
		D8F6D717226DA85900E39805 /* Frameworks */ = {
			isa = PBXFrameworksBuildPhase;
			buildActionMask = 2147483647;
			files = (
				6656A70922841CE3001F7397 /* glm.hpp in Frameworks */,
				6656A70722841C52001F7397 /* libGLEW.2.1.0.dylib in Frameworks */,
				6656A70522841AB5001F7397 /* libglfw.3.3.dylib in Frameworks */,
				D8F6D726226DA87600E39805 /* OpenGL.framework in Frameworks */,
				EDFD6B21227C8BF900613D2F /* glfw in Frameworks */,
				D858CABE227C22D100ABFE72 /* libglfw.3.3.dylib in Frameworks */,
				D8F6D728226DA88B00E39805 /* libGLEW.2.1.0.dylib in Frameworks */,
			);
			runOnlyForDeploymentPostprocessing = 0;
		};
/* End PBXFrameworksBuildPhase section */

/* Begin PBXGroup section */
		6696C0EF2285AC3C00212A4D /* DummyCube */ = {
			isa = PBXGroup;
			children = (
				6628870A2284A70D003DD132 /* DummyCubeDrawing.cpp */,
				6628870B2284A70E003DD132 /* DummyCubeDrawing.hpp */,
			);
			path = DummyCube;
			sourceTree = "<group>";
		};
		D858CAC9227C279900ABFE72 /* Managers */ = {
			isa = PBXGroup;
			children = (
				D8D44E2C227C8DDB00B33932 /* Keyboard */,
				D8EBCD42227C285900D08539 /* Object */,
				D8EBCD41227C285500D08539 /* Rendering */,
				D8EBCD40227C285000D08539 /* Window */,
				D8EBCD43227C287500D08539 /* AbstractManager.cpp */,
				D8EBCD44227C287500D08539 /* AbstractManager.hpp */,
			);
			path = Managers;
			sourceTree = "<group>";
		};
		D858CACB227C27B900ABFE72 /* Components */ = {
			isa = PBXGroup;
			children = (
				D858CACE227C27E300ABFE72 /* Drawing */,
				D858CACD227C27DF00ABFE72 /* Movement */,
				D858CACC227C27DA00ABFE72 /* Position */,
				D858CAC8227C279200ABFE72 /* EComponentType.hpp */,
				D858CAC7227C279200ABFE72 /* IComponent.hpp */,
			);
			path = Components;
			sourceTree = "<group>";
		};
		D858CACC227C27DA00ABFE72 /* Position */ = {
			isa = PBXGroup;
			children = (
			);
			path = Position;
			sourceTree = "<group>";
		};
		D858CACD227C27DF00ABFE72 /* Movement */ = {
			isa = PBXGroup;
			children = (
			);
			path = Movement;
			sourceTree = "<group>";
		};
		D858CACE227C27E300ABFE72 /* Drawing */ = {
			isa = PBXGroup;
			children = (
				6696C0EF2285AC3C00212A4D /* DummyCube */,
				D8EBCD4F227C31F700D08539 /* DummyTriangle */,
				D8EBCD49227C2EF500D08539 /* Sphere */,
				D8EBCD4A227C2F1000D08539 /* IDrawing.hpp */,
			);
			path = Drawing;
			sourceTree = "<group>";
		};
		D8D44E2C227C8DDB00B33932 /* Keyboard */ = {
			isa = PBXGroup;
			children = (
				D8D44E2D227C8DF400B33932 /* KeyboardManager.cpp */,
				D8D44E2E227C8DF500B33932 /* KeyboardManager.hpp */,
			);
			path = Keyboard;
			sourceTree = "<group>";
		};
		D8EBCD40227C285000D08539 /* Window */ = {
			isa = PBXGroup;
			children = (
				D82D408B226EE9B000F5B73D /* WindowManager.cpp */,
				D82D408C226EE9B000F5B73D /* WindowManager.hpp */,
			);
			path = Window;
			sourceTree = "<group>";
		};
		D8EBCD41227C285500D08539 /* Rendering */ = {
			isa = PBXGroup;
			children = (
				D858CAB9227C1FB200ABFE72 /* RenderManager.cpp */,
				D858CABA227C1FB200ABFE72 /* RenderManager.hpp */,
			);
			path = Rendering;
			sourceTree = "<group>";
		};
		D8EBCD42227C285900D08539 /* Object */ = {
			isa = PBXGroup;
			children = (
				D858CABF227C261100ABFE72 /* ObjectManager.cpp */,
				D858CAC0227C261100ABFE72 /* ObjectManager.hpp */,
			);
			path = Object;
			sourceTree = "<group>";
		};
		D8EBCD49227C2EF500D08539 /* Sphere */ = {
			isa = PBXGroup;
			children = (
				D8EBCD4B227C2F7000D08539 /* SphereDrawing.cpp */,
				D8EBCD4C227C2F7000D08539 /* SphereDrawing.hpp */,
			);
			path = Sphere;
			sourceTree = "<group>";
		};
		D8EBCD4F227C31F700D08539 /* DummyTriangle */ = {
			isa = PBXGroup;
			children = (
				D8EBCD50227C320500D08539 /* DummyTriangleDrawing.cpp */,
				D8EBCD51227C320500D08539 /* DummyTriangleDrawing.hpp */,
			);
			path = DummyTriangle;
			sourceTree = "<group>";
		};
		D8EBCD53227C75D800D08539 /* Factory */ = {
			isa = PBXGroup;
			children = (
				D8EBCD54227C75ED00D08539 /* PrimitiveObjects.cpp */,
				D8EBCD55227C75ED00D08539 /* PrimitiveObjects.hpp */,
			);
			path = Factory;
			sourceTree = "<group>";
		};
		D8F6D711226DA85900E39805 = {
			isa = PBXGroup;
			children = (
				D8F6D71C226DA85900E39805 /* 2019_cg_physics */,
				D8F6D71B226DA85900E39805 /* Products */,
				D8F6D724226DA87600E39805 /* Frameworks */,
			);
			sourceTree = "<group>";
			usesTabs = 0;
		};
		D8F6D71B226DA85900E39805 /* Products */ = {
			isa = PBXGroup;
			children = (
				D8F6D71A226DA85900E39805 /* 2019_cg_physics */,
			);
			name = Products;
			sourceTree = "<group>";
		};
		D8F6D71C226DA85900E39805 /* 2019_cg_physics */ = {
			isa = PBXGroup;
			children = (
				D8EBCD53227C75D800D08539 /* Factory */,
				D858CACB227C27B900ABFE72 /* Components */,
				D858CAC9227C279900ABFE72 /* Managers */,
				D8F6D71D226DA85900E39805 /* main.cpp */,
				D82D4088226EE90200F5B73D /* Game.cpp */,
				D82D4089226EE90200F5B73D /* Game.hpp */,
				D858CAB62279BF8800ABFE72 /* Exception.hpp */,
				D858CAB72279C06F00ABFE72 /* Exception.cpp */,
				D858CAC2227C264E00ABFE72 /* GameObject.cpp */,
				D858CAC3227C264E00ABFE72 /* GameObject.hpp */,
			);
			path = 2019_cg_physics;
			sourceTree = "<group>";
		};
		D8F6D724226DA87600E39805 /* Frameworks */ = {
			isa = PBXGroup;
			children = (
				6656A70822841CE2001F7397 /* glm.hpp */,
				6656A70622841C51001F7397 /* libGLEW.2.1.0.dylib */,
				6656A70422841AB5001F7397 /* libglfw.3.3.dylib */,
				D858CABC227C22A100ABFE72 /* glfw */,
				D8F6D72B226DAF0D00E39805 /* libglfw.3.3.dylib */,
				D8F6D729226DA90600E39805 /* libglfw.3.2.dylib */,
				D8F6D727226DA88B00E39805 /* libGLEW.2.1.0.dylib */,
				D8F6D725226DA87600E39805 /* OpenGL.framework */,
			);
			name = Frameworks;
			sourceTree = "<group>";
		};
/* End PBXGroup section */

/* Begin PBXNativeTarget section */
		D8F6D719226DA85900E39805 /* 2019_cg_physics */ = {
			isa = PBXNativeTarget;
			buildConfigurationList = D8F6D721226DA85900E39805 /* Build configuration list for PBXNativeTarget "2019_cg_physics" */;
			buildPhases = (
				D8F6D716226DA85900E39805 /* Sources */,
				D8F6D717226DA85900E39805 /* Frameworks */,
				D8F6D718226DA85900E39805 /* CopyFiles */,
			);
			buildRules = (
			);
			dependencies = (
			);
			name = 2019_cg_physics;
			productName = 2019_cg_physics;
			productReference = D8F6D71A226DA85900E39805 /* 2019_cg_physics */;
			productType = "com.apple.product-type.tool";
		};
/* End PBXNativeTarget section */

/* Begin PBXProject section */
		D8F6D712226DA85900E39805 /* Project object */ = {
			isa = PBXProject;
			attributes = {
				LastUpgradeCheck = 1020;
				ORGANIZATIONNAME = "Universität Salzburg";
				TargetAttributes = {
					D8F6D719226DA85900E39805 = {
						CreatedOnToolsVersion = 10.2.1;
					};
				};
			};
			buildConfigurationList = D8F6D715226DA85900E39805 /* Build configuration list for PBXProject "2019_cg_physics" */;
			compatibilityVersion = "Xcode 9.3";
			developmentRegion = en;
			hasScannedForEncodings = 0;
			knownRegions = (
				en,
			);
			mainGroup = D8F6D711226DA85900E39805;
			productRefGroup = D8F6D71B226DA85900E39805 /* Products */;
			projectDirPath = "";
			projectRoot = "";
			targets = (
				D8F6D719226DA85900E39805 /* 2019_cg_physics */,
			);
		};
/* End PBXProject section */

/* Begin PBXSourcesBuildPhase section */
		D8F6D716226DA85900E39805 /* Sources */ = {
			isa = PBXSourcesBuildPhase;
			buildActionMask = 2147483647;
			files = (
				D8D44E2F227C8DF500B33932 /* KeyboardManager.cpp in Sources */,
				D8F6D71E226DA85900E39805 /* main.cpp in Sources */,
				D8EBCD4D227C2F7000D08539 /* SphereDrawing.cpp in Sources */,
				D858CAB82279C06F00ABFE72 /* Exception.cpp in Sources */,
				D8EBCD52227C320500D08539 /* DummyTriangleDrawing.cpp in Sources */,
				D858CAC1227C261100ABFE72 /* ObjectManager.cpp in Sources */,
				D8EBCD56227C75ED00D08539 /* PrimitiveObjects.cpp in Sources */,
				D8EBCD45227C287500D08539 /* AbstractManager.cpp in Sources */,
				D82D408A226EE90200F5B73D /* Game.cpp in Sources */,
				6628870C2284A70E003DD132 /* DummyCubeDrawing.cpp in Sources */,
				D858CABB227C1FB200ABFE72 /* RenderManager.cpp in Sources */,
				D82D408D226EE9B000F5B73D /* WindowManager.cpp in Sources */,
				D858CAC4227C264E00ABFE72 /* GameObject.cpp in Sources */,
			);
			runOnlyForDeploymentPostprocessing = 0;
		};
/* End PBXSourcesBuildPhase section */

/* Begin XCBuildConfiguration section */
		D8F6D71F226DA85900E39805 /* Debug */ = {
			isa = XCBuildConfiguration;
			buildSettings = {
				ALWAYS_SEARCH_USER_PATHS = NO;
				CLANG_ANALYZER_NONNULL = YES;
				CLANG_ANALYZER_NUMBER_OBJECT_CONVERSION = YES_AGGRESSIVE;
				CLANG_CXX_LANGUAGE_STANDARD = "gnu++14";
				CLANG_CXX_LIBRARY = "libc++";
				CLANG_ENABLE_MODULES = YES;
				CLANG_ENABLE_OBJC_ARC = YES;
				CLANG_ENABLE_OBJC_WEAK = YES;
				CLANG_WARN_BLOCK_CAPTURE_AUTORELEASING = YES;
				CLANG_WARN_BOOL_CONVERSION = YES;
				CLANG_WARN_COMMA = YES;
				CLANG_WARN_CONSTANT_CONVERSION = YES;
				CLANG_WARN_DEPRECATED_OBJC_IMPLEMENTATIONS = YES;
				CLANG_WARN_DIRECT_OBJC_ISA_USAGE = YES_ERROR;
				CLANG_WARN_DOCUMENTATION_COMMENTS = YES;
				CLANG_WARN_EMPTY_BODY = YES;
				CLANG_WARN_ENUM_CONVERSION = YES;
				CLANG_WARN_INFINITE_RECURSION = YES;
				CLANG_WARN_INT_CONVERSION = YES;
				CLANG_WARN_NON_LITERAL_NULL_CONVERSION = YES;
				CLANG_WARN_OBJC_IMPLICIT_RETAIN_SELF = YES;
				CLANG_WARN_OBJC_LITERAL_CONVERSION = YES;
				CLANG_WARN_OBJC_ROOT_CLASS = YES_ERROR;
				CLANG_WARN_RANGE_LOOP_ANALYSIS = YES;
				CLANG_WARN_STRICT_PROTOTYPES = YES;
				CLANG_WARN_SUSPICIOUS_MOVE = YES;
				CLANG_WARN_UNGUARDED_AVAILABILITY = YES_AGGRESSIVE;
				CLANG_WARN_UNREACHABLE_CODE = YES;
				CLANG_WARN__DUPLICATE_METHOD_MATCH = YES;
				CODE_SIGN_IDENTITY = "-";
				COPY_PHASE_STRIP = NO;
				DEBUG_INFORMATION_FORMAT = dwarf;
				ENABLE_STRICT_OBJC_MSGSEND = YES;
				ENABLE_TESTABILITY = YES;
				GCC_C_LANGUAGE_STANDARD = gnu11;
				GCC_DYNAMIC_NO_PIC = NO;
				GCC_NO_COMMON_BLOCKS = YES;
				GCC_OPTIMIZATION_LEVEL = 0;
				GCC_PREPROCESSOR_DEFINITIONS = (
					"DEBUG=1",
					"$(inherited)",
				);
				GCC_WARN_64_TO_32_BIT_CONVERSION = YES;
				GCC_WARN_ABOUT_RETURN_TYPE = YES_ERROR;
				GCC_WARN_UNDECLARED_SELECTOR = YES;
				GCC_WARN_UNINITIALIZED_AUTOS = YES_AGGRESSIVE;
				GCC_WARN_UNUSED_FUNCTION = YES;
				GCC_WARN_UNUSED_VARIABLE = YES;
				MACOSX_DEPLOYMENT_TARGET = 10.14;
				MTL_ENABLE_DEBUG_INFO = INCLUDE_SOURCE;
				MTL_FAST_MATH = YES;
				ONLY_ACTIVE_ARCH = YES;
				SDKROOT = macosx;
			};
			name = Debug;
		};
		D8F6D720226DA85900E39805 /* Release */ = {
			isa = XCBuildConfiguration;
			buildSettings = {
				ALWAYS_SEARCH_USER_PATHS = NO;
				CLANG_ANALYZER_NONNULL = YES;
				CLANG_ANALYZER_NUMBER_OBJECT_CONVERSION = YES_AGGRESSIVE;
				CLANG_CXX_LANGUAGE_STANDARD = "gnu++14";
				CLANG_CXX_LIBRARY = "libc++";
				CLANG_ENABLE_MODULES = YES;
				CLANG_ENABLE_OBJC_ARC = YES;
				CLANG_ENABLE_OBJC_WEAK = YES;
				CLANG_WARN_BLOCK_CAPTURE_AUTORELEASING = YES;
				CLANG_WARN_BOOL_CONVERSION = YES;
				CLANG_WARN_COMMA = YES;
				CLANG_WARN_CONSTANT_CONVERSION = YES;
				CLANG_WARN_DEPRECATED_OBJC_IMPLEMENTATIONS = YES;
				CLANG_WARN_DIRECT_OBJC_ISA_USAGE = YES_ERROR;
				CLANG_WARN_DOCUMENTATION_COMMENTS = YES;
				CLANG_WARN_EMPTY_BODY = YES;
				CLANG_WARN_ENUM_CONVERSION = YES;
				CLANG_WARN_INFINITE_RECURSION = YES;
				CLANG_WARN_INT_CONVERSION = YES;
				CLANG_WARN_NON_LITERAL_NULL_CONVERSION = YES;
				CLANG_WARN_OBJC_IMPLICIT_RETAIN_SELF = YES;
				CLANG_WARN_OBJC_LITERAL_CONVERSION = YES;
				CLANG_WARN_OBJC_ROOT_CLASS = YES_ERROR;
				CLANG_WARN_RANGE_LOOP_ANALYSIS = YES;
				CLANG_WARN_STRICT_PROTOTYPES = YES;
				CLANG_WARN_SUSPICIOUS_MOVE = YES;
				CLANG_WARN_UNGUARDED_AVAILABILITY = YES_AGGRESSIVE;
				CLANG_WARN_UNREACHABLE_CODE = YES;
				CLANG_WARN__DUPLICATE_METHOD_MATCH = YES;
				CODE_SIGN_IDENTITY = "-";
				COPY_PHASE_STRIP = NO;
				DEBUG_INFORMATION_FORMAT = "dwarf-with-dsym";
				ENABLE_NS_ASSERTIONS = NO;
				ENABLE_STRICT_OBJC_MSGSEND = YES;
				GCC_C_LANGUAGE_STANDARD = gnu11;
				GCC_NO_COMMON_BLOCKS = YES;
				GCC_WARN_64_TO_32_BIT_CONVERSION = YES;
				GCC_WARN_ABOUT_RETURN_TYPE = YES_ERROR;
				GCC_WARN_UNDECLARED_SELECTOR = YES;
				GCC_WARN_UNINITIALIZED_AUTOS = YES_AGGRESSIVE;
				GCC_WARN_UNUSED_FUNCTION = YES;
				GCC_WARN_UNUSED_VARIABLE = YES;
				MACOSX_DEPLOYMENT_TARGET = 10.14;
				MTL_ENABLE_DEBUG_INFO = NO;
				MTL_FAST_MATH = YES;
				SDKROOT = macosx;
			};
			name = Release;
		};
		D8F6D722226DA85900E39805 /* Debug */ = {
			isa = XCBuildConfiguration;
			buildSettings = {
				CLANG_WARN_DOCUMENTATION_COMMENTS = NO;
				CODE_SIGN_STYLE = Automatic;
				HEADER_SEARCH_PATHS = (
					/usr/local/Cellar/glew/2.1.0/include/,
					/usr/local/Cellar/glfw/3.3/include,
					/usr/local/Cellar/glm/0.9.9.5/include,
					/usr/local/include,
				);
				LIBRARY_SEARCH_PATHS = (
					"$(inherited)",
					/usr/local/Cellar/glew/2.1.0/lib,
					/usr/local/Cellar/glfw/3.3/lib,
				);
				PRODUCT_NAME = "$(TARGET_NAME)";
			};
			name = Debug;
		};
		D8F6D723226DA85900E39805 /* Release */ = {
			isa = XCBuildConfiguration;
			buildSettings = {
				CLANG_WARN_DOCUMENTATION_COMMENTS = NO;
				CODE_SIGN_STYLE = Automatic;
				HEADER_SEARCH_PATHS = (
					/usr/local/Cellar/glew/2.1.0/include/,
					/usr/local/Cellar/glfw/3.3/include,
					/usr/local/Cellar/glm/0.9.9.5/include,
					/usr/local/include,
				);
				LIBRARY_SEARCH_PATHS = (
					"$(inherited)",
					/usr/local/Cellar/glew/2.1.0/lib,
					/usr/local/Cellar/glfw/3.3/lib,
				);
				PRODUCT_NAME = "$(TARGET_NAME)";
			};
			name = Release;
		};
/* End XCBuildConfiguration section */

/* Begin XCConfigurationList section */
		D8F6D715226DA85900E39805 /* Build configuration list for PBXProject "2019_cg_physics" */ = {
			isa = XCConfigurationList;
			buildConfigurations = (
				D8F6D71F226DA85900E39805 /* Debug */,
				D8F6D720226DA85900E39805 /* Release */,
			);
			defaultConfigurationIsVisible = 0;
			defaultConfigurationName = Release;
		};
		D8F6D721226DA85900E39805 /* Build configuration list for PBXNativeTarget "2019_cg_physics" */ = {
			isa = XCConfigurationList;
			buildConfigurations = (
				D8F6D722226DA85900E39805 /* Debug */,
				D8F6D723226DA85900E39805 /* Release */,
			);
			defaultConfigurationIsVisible = 0;
			defaultConfigurationName = Release;
		};
/* End XCConfigurationList section */
	};
	rootObject = D8F6D712226DA85900E39805 /* Project object */;
}
